
Microsoft Visual Studio Solution File, Format Version 12.00
# Visual Studio Version 16
VisualStudioVersion = 16.0.29519.181
MinimumVisualStudioVersion = 10.0.40219.1
Project("{FAE04EC0-301F-11D3-BF4B-00C04F79EFBC}") = "Paracticas", "Paracticas\Paracticas.csproj", "{1A46C2A1-AB83-4D7A-BC4C-13E8D97EFA11}"
EndProject
Project("{FAE04EC0-301F-11D3-BF4B-00C04F79EFBC}") = "Random", "Random\Random.csproj", "{44722DD7-FFE0-4D20-A121-06C715BD8748}"
EndProject
Project("{FAE04EC0-301F-11D3-BF4B-00C04F79EFBC}") = "Fechas", "Fechas\Fechas.csproj", "{D3F0424D-FA58-47CB-BD01-A3EC2B29753E}"
EndProject
Project("{FAE04EC0-301F-11D3-BF4B-00C04F79EFBC}") = "Listas", "Listas\Listas.csproj", "{70E5B6E0-5AE7-4E57-8149-93E059934EE1}"
EndProject
Project("{FAE04EC0-301F-11D3-BF4B-00C04F79EFBC}") = "String", "String\String.csproj", "{D4D36DF1-4767-4C65-88B2-2093FABCA9E5}"
EndProject
Project("{FAE04EC0-301F-11D3-BF4B-00C04F79EFBC}") = "Reflection", "Reflection\Reflection.csproj", "{C3455984-DA4C-4E96-A524-4FD1049018A0}"
EndProject
Global
	GlobalSection(SolutionConfigurationPlatforms) = preSolution
		Debug|Any CPU = Debug|Any CPU
		Release|Any CPU = Release|Any CPU
	EndGlobalSection
	GlobalSection(ProjectConfigurationPlatforms) = postSolution
		{1A46C2A1-AB83-4D7A-BC4C-13E8D97EFA11}.Debug|Any CPU.ActiveCfg = Debug|Any CPU
		{1A46C2A1-AB83-4D7A-BC4C-13E8D97EFA11}.Debug|Any CPU.Build.0 = Debug|Any CPU
		{1A46C2A1-AB83-4D7A-BC4C-13E8D97EFA11}.Release|Any CPU.ActiveCfg = Release|Any CPU
		{1A46C2A1-AB83-4D7A-BC4C-13E8D97EFA11}.Release|Any CPU.Build.0 = Release|Any CPU
		{44722DD7-FFE0-4D20-A121-06C715BD8748}.Debug|Any CPU.ActiveCfg = Debug|Any CPU
		{44722DD7-FFE0-4D20-A121-06C715BD8748}.Debug|Any CPU.Build.0 = Debug|Any CPU
		{44722DD7-FFE0-4D20-A121-06C715BD8748}.Release|Any CPU.ActiveCfg = Release|Any CPU
		{44722DD7-FFE0-4D20-A121-06C715BD8748}.Release|Any CPU.Build.0 = Release|Any CPU
		{D3F0424D-FA58-47CB-BD01-A3EC2B29753E}.Debug|Any CPU.ActiveCfg = Debug|Any CPU
		{D3F0424D-FA58-47CB-BD01-A3EC2B29753E}.Debug|Any CPU.Build.0 = Debug|Any CPU
		{D3F0424D-FA58-47CB-BD01-A3EC2B29753E}.Release|Any CPU.ActiveCfg = Release|Any CPU
		{D3F0424D-FA58-47CB-BD01-A3EC2B29753E}.Release|Any CPU.Build.0 = Release|Any CPU
		{70E5B6E0-5AE7-4E57-8149-93E059934EE1}.Debug|Any CPU.ActiveCfg = Debug|Any CPU
		{70E5B6E0-5AE7-4E57-8149-93E059934EE1}.Debug|Any CPU.Build.0 = Debug|Any CPU
		{70E5B6E0-5AE7-4E57-8149-93E059934EE1}.Release|Any CPU.ActiveCfg = Release|Any CPU
		{70E5B6E0-5AE7-4E57-8149-93E059934EE1}.Release|Any CPU.Build.0 = Release|Any CPU
		{D4D36DF1-4767-4C65-88B2-2093FABCA9E5}.Debug|Any CPU.ActiveCfg = Debug|Any CPU
		{D4D36DF1-4767-4C65-88B2-2093FABCA9E5}.Debug|Any CPU.Build.0 = Debug|Any CPU
		{D4D36DF1-4767-4C65-88B2-2093FABCA9E5}.Release|Any CPU.ActiveCfg = Release|Any CPU
		{D4D36DF1-4767-4C65-88B2-2093FABCA9E5}.Release|Any CPU.Build.0 = Release|Any CPU
		{C3455984-DA4C-4E96-A524-4FD1049018A0}.Debug|Any CPU.ActiveCfg = Debug|Any CPU
		{C3455984-DA4C-4E96-A524-4FD1049018A0}.Debug|Any CPU.Build.0 = Debug|Any CPU
		{C3455984-DA4C-4E96-A524-4FD1049018A0}.Release|Any CPU.ActiveCfg = Release|Any CPU
		{C3455984-DA4C-4E96-A524-4FD1049018A0}.Release|Any CPU.Build.0 = Release|Any CPU
	EndGlobalSection
	GlobalSection(SolutionProperties) = preSolution
		HideSolutionNode = FALSE
	EndGlobalSection
	GlobalSection(ExtensibilityGlobals) = postSolution
		SolutionGuid = {463038B8-12CF-4887-A59E-1BE46B0582CD}
	EndGlobalSection
EndGlobal
